# This file is automatically @generated by Cargo.
# It is not intended for manual editing.
version = 4

[[package]]
name = "zenith-cli"
version = "0.0.0"
dependencies = [
 "zenith-core",
 "zenith-render",
 "zenith-scene",
 "zenith-tx",
]

[[package]]
name = "zenith-core"
version = "0.0.0"

[[package]]
name = "zenith-layout"
version = "0.0.0"
dependencies = [
 "zenith-core",
]

[[package]]
name = "zenith-render"
version = "0.0.0"
dependencies = [
 "zenith-core",
 "zenith-scene",
]

[[package]]
name = "zenith-scene"
version = "0.0.0"
dependencies = [
 "zenith-core",
 "zenith-layout",
]

[[package]]
name = "zenith-tx"
version = "0.0.0"
dependencies = [
 "zenith-core",
 "zenith-scene",
]
